
Microsoft Visual Studio Solution File, Format Version 12.00
Project("{FAE04EC0-301F-11D3-BF4B-00C04F79EFBC}") = "FiftyVile", "FiftyVile\FiftyVile.csproj", "{6A651D2E-18B7-4BA1-B395-F89A80961052}"
EndProject
Global
	GlobalSection(SolutionConfigurationPlatforms) = preSolution
		Debug|Any CPU = Debug|Any CPU
		Release|Any CPU = Release|Any CPU
	EndGlobalSection
	GlobalSection(ProjectConfigurationPlatforms) = postSolution
		{6A651D2E-18B7-4BA1-B395-F89A80961052}.Debug|Any CPU.ActiveCfg = Debug|Any CPU
		{6A651D2E-18B7-4BA1-B395-F89A80961052}.Debug|Any CPU.Build.0 = Debug|Any CPU
		{6A651D2E-18B7-4BA1-B395-F89A80961052}.Release|Any CPU.ActiveCfg = Release|Any CPU
		{6A651D2E-18B7-4BA1-B395-F89A80961052}.Release|Any CPU.Build.0 = Release|Any CPU
	EndGlobalSection
EndGlobal
